{
  "name": "Wierd Email",
  "lockfileVersion": 2,
  "requires": true,
  "packages": {
    "": {
      "dependencies": {
        "q-encoding": "^1.0.0"
      }
    },
    "node_modules/q-encoding": {
      "version": "1.0.0",
      "resolved": "https://registry.npmjs.org/q-encoding/-/q-encoding-1.0.0.tgz",
      "integrity": "sha1-oJ214Ri/nop14iE5WU5Csdxkn4Q=",
      "dependencies": {
        "utf8": "^2.1.2"
      },
      "bin": {
        "q": "bin/q"
      }
    },
    "node_modules/utf8": {
      "version": "2.1.2",
      "resolved": "https://registry.npmjs.org/utf8/-/utf8-2.1.2.tgz",
      "integrity": "sha1-H6DZJw6b6FDZsFAn9jUZv0ZFfZY="
    }
  },
  "dependencies": {
    "q-encoding": {
      "version": "1.0.0",
      "resolved": "https://registry.npmjs.org/q-encoding/-/q-encoding-1.0.0.tgz",
      "integrity": "sha1-oJ214Ri/nop14iE5WU5Csdxkn4Q=",
      "requires": {
        "utf8": "^2.1.2"
      }
    },
    "utf8": {
      "version": "2.1.2",
      "resolved": "https://registry.npmjs.org/utf8/-/utf8-2.1.2.tgz",
      "integrity": "sha1-H6DZJw6b6FDZsFAn9jUZv0ZFfZY="
    }
  }
}
